
Microsoft Visual Studio Solution File, Format Version 12.00
# Visual Studio Version 17
VisualStudioVersion = 17.4.33213.308
MinimumVisualStudioVersion = 10.0.40219.1
Project("{FAE04EC0-301F-11D3-BF4B-00C04F79EFBC}") = "Bouncing_Balls", "Bouncing_Balls\Bouncing_Balls.csproj", "{8588E996-F286-4350-8E29-9A6309EAB017}"
EndProject
Global
	GlobalSection(SolutionConfigurationPlatforms) = preSolution
		Debug|Any CPU = Debug|Any CPU
		Release|Any CPU = Release|Any CPU
	EndGlobalSection
	GlobalSection(ProjectConfigurationPlatforms) = postSolution
		{8588E996-F286-4350-8E29-9A6309EAB017}.Debug|Any CPU.ActiveCfg = Debug|Any CPU
		{8588E996-F286-4350-8E29-9A6309EAB017}.Debug|Any CPU.Build.0 = Debug|Any CPU
		{8588E996-F286-4350-8E29-9A6309EAB017}.Release|Any CPU.ActiveCfg = Release|Any CPU
		{8588E996-F286-4350-8E29-9A6309EAB017}.Release|Any CPU.Build.0 = Release|Any CPU
	EndGlobalSection
	GlobalSection(SolutionProperties) = preSolution
		HideSolutionNode = FALSE
	EndGlobalSection
	GlobalSection(ExtensibilityGlobals) = postSolution
		SolutionGuid = {AD7B7300-6E2E-47A0-9566-8108208D7DAD}
	EndGlobalSection
EndGlobal
